
Microsoft Visual Studio Solution File, Format Version 12.00
# Visual Studio Version 16
VisualStudioVersion = 16.0.31911.196
MinimumVisualStudioVersion = 10.0.40219.1
Project("{FAE04EC0-301F-11D3-BF4B-00C04F79EFBC}") = "ISS", "ISS\ISS.csproj", "{5C6F3B74-A2A0-49FB-9920-29D6317AB9ED}"
EndProject
Project("{2150E333-8FDC-42A3-9474-1A3956D46DE8}") = "Catalog", "Catalog", "{801E1333-FF0C-4A2F-87F3-7EF080E74C4D}"
EndProject
Project("{FAE04EC0-301F-11D3-BF4B-00C04F79EFBC}") = "DAL", "DAL\DAL.csproj", "{B2B66B62-D3FC-4A5F-9220-2002C37C6213}"
EndProject
Project("{FAE04EC0-301F-11D3-BF4B-00C04F79EFBC}") = "DAL.Tests", "DAL.Test\DAL.Tests.csproj", "{A4738C85-E2DC-4079-856C-51AE1537C130}"
EndProject
Global
	GlobalSection(SolutionConfigurationPlatforms) = preSolution
		Debug|Any CPU = Debug|Any CPU
		Release|Any CPU = Release|Any CPU
	EndGlobalSection
	GlobalSection(ProjectConfigurationPlatforms) = postSolution
		{5C6F3B74-A2A0-49FB-9920-29D6317AB9ED}.Debug|Any CPU.ActiveCfg = Debug|Any CPU
		{5C6F3B74-A2A0-49FB-9920-29D6317AB9ED}.Debug|Any CPU.Build.0 = Debug|Any CPU
		{5C6F3B74-A2A0-49FB-9920-29D6317AB9ED}.Release|Any CPU.ActiveCfg = Release|Any CPU
		{5C6F3B74-A2A0-49FB-9920-29D6317AB9ED}.Release|Any CPU.Build.0 = Release|Any CPU
		{B2B66B62-D3FC-4A5F-9220-2002C37C6213}.Debug|Any CPU.ActiveCfg = Debug|Any CPU
		{B2B66B62-D3FC-4A5F-9220-2002C37C6213}.Debug|Any CPU.Build.0 = Debug|Any CPU
		{B2B66B62-D3FC-4A5F-9220-2002C37C6213}.Release|Any CPU.ActiveCfg = Release|Any CPU
		{B2B66B62-D3FC-4A5F-9220-2002C37C6213}.Release|Any CPU.Build.0 = Release|Any CPU
		{A4738C85-E2DC-4079-856C-51AE1537C130}.Debug|Any CPU.ActiveCfg = Debug|Any CPU
		{A4738C85-E2DC-4079-856C-51AE1537C130}.Debug|Any CPU.Build.0 = Debug|Any CPU
		{A4738C85-E2DC-4079-856C-51AE1537C130}.Release|Any CPU.ActiveCfg = Release|Any CPU
		{A4738C85-E2DC-4079-856C-51AE1537C130}.Release|Any CPU.Build.0 = Release|Any CPU
	EndGlobalSection
	GlobalSection(SolutionProperties) = preSolution
		HideSolutionNode = FALSE
	EndGlobalSection
	GlobalSection(NestedProjects) = preSolution
		{5C6F3B74-A2A0-49FB-9920-29D6317AB9ED} = {801E1333-FF0C-4A2F-87F3-7EF080E74C4D}
		{B2B66B62-D3FC-4A5F-9220-2002C37C6213} = {801E1333-FF0C-4A2F-87F3-7EF080E74C4D}
		{A4738C85-E2DC-4079-856C-51AE1537C130} = {801E1333-FF0C-4A2F-87F3-7EF080E74C4D}
	EndGlobalSection
	GlobalSection(ExtensibilityGlobals) = postSolution
		SolutionGuid = {BA7FFAD5-DCD8-412B-8C5F-BD5B1BFE466E}
	EndGlobalSection
EndGlobal
