
Microsoft Visual Studio Solution File, Format Version 12.00
# Visual Studio Version 16
VisualStudioVersion = 16.0.31911.196
MinimumVisualStudioVersion = 10.0.40219.1
Project("{FAE04EC0-301F-11D3-BF4B-00C04F79EFBC}") = "ISS", "ISS\ISS.csproj", "{D112DF6E-3759-4F0C-9055-3D5B2944FCC3}"
EndProject
Project("{2150E333-8FDC-42A3-9474-1A3956D46DE8}") = "Catalog", "Catalog", "{84795CBE-3EE4-4B5E-8D68-25E804433673}"
EndProject
Project("{FAE04EC0-301F-11D3-BF4B-00C04F79EFBC}") = "DAL", "DAL\DAL.csproj", "{A775A6E5-7EE2-41A9-89C7-C0AFBC376D38}"
EndProject
Global
	GlobalSection(SolutionConfigurationPlatforms) = preSolution
		Debug|Any CPU = Debug|Any CPU
		Release|Any CPU = Release|Any CPU
	EndGlobalSection
	GlobalSection(ProjectConfigurationPlatforms) = postSolution
		{D112DF6E-3759-4F0C-9055-3D5B2944FCC3}.Debug|Any CPU.ActiveCfg = Debug|Any CPU
		{D112DF6E-3759-4F0C-9055-3D5B2944FCC3}.Debug|Any CPU.Build.0 = Debug|Any CPU
		{D112DF6E-3759-4F0C-9055-3D5B2944FCC3}.Release|Any CPU.ActiveCfg = Release|Any CPU
		{D112DF6E-3759-4F0C-9055-3D5B2944FCC3}.Release|Any CPU.Build.0 = Release|Any CPU
		{A775A6E5-7EE2-41A9-89C7-C0AFBC376D38}.Debug|Any CPU.ActiveCfg = Debug|Any CPU
		{A775A6E5-7EE2-41A9-89C7-C0AFBC376D38}.Debug|Any CPU.Build.0 = Debug|Any CPU
		{A775A6E5-7EE2-41A9-89C7-C0AFBC376D38}.Release|Any CPU.ActiveCfg = Release|Any CPU
		{A775A6E5-7EE2-41A9-89C7-C0AFBC376D38}.Release|Any CPU.Build.0 = Release|Any CPU
	EndGlobalSection
	GlobalSection(SolutionProperties) = preSolution
		HideSolutionNode = FALSE
	EndGlobalSection
	GlobalSection(NestedProjects) = preSolution
		{A775A6E5-7EE2-41A9-89C7-C0AFBC376D38} = {84795CBE-3EE4-4B5E-8D68-25E804433673}
	EndGlobalSection
	GlobalSection(ExtensibilityGlobals) = postSolution
		SolutionGuid = {9EA67E88-C5A7-4034-A43F-52CF5FDBF87D}
	EndGlobalSection
EndGlobal
